
Microsoft Visual Studio Solution File, Format Version 12.00
# Visual Studio 14
VisualStudioVersion = 14.0.25420.1
MinimumVisualStudioVersion = 10.0.40219.1
Project("{FAE04EC0-301F-11D3-BF4B-00C04F79EFBC}") = "NETFOUNB", "NETFOUNB\NETFOUNB.csproj", "{78094CE5-233B-4213-BB77-975A7F6A1116}"
EndProject
Project("{FAE04EC0-301F-11D3-BF4B-00C04F79EFBC}") = "NETFOUNB.Tests", "NETFOUNB.Tests\NETFOUNB.Tests.csproj", "{E98E398C-32A4-4642-A757-18664A8423C6}"
EndProject
Project("{FAE04EC0-301F-11D3-BF4B-00C04F79EFBC}") = "PerformanceCountersDemo", "PerformanceCountersDemo\PerformanceCountersDemo.csproj", "{8156F4AA-D111-4E72-BF6D-3AEABD7E92C6}"
EndProject
Global
	GlobalSection(SolutionConfigurationPlatforms) = preSolution
		Debug|Any CPU = Debug|Any CPU
		PGGM|Any CPU = PGGM|Any CPU
		Release|Any CPU = Release|Any CPU
	EndGlobalSection
	GlobalSection(ProjectConfigurationPlatforms) = postSolution
		{78094CE5-233B-4213-BB77-975A7F6A1116}.Debug|Any CPU.ActiveCfg = Debug|Any CPU
		{78094CE5-233B-4213-BB77-975A7F6A1116}.Debug|Any CPU.Build.0 = Debug|Any CPU
		{78094CE5-233B-4213-BB77-975A7F6A1116}.PGGM|Any CPU.ActiveCfg = PGGM|Any CPU
		{78094CE5-233B-4213-BB77-975A7F6A1116}.PGGM|Any CPU.Build.0 = PGGM|Any CPU
		{78094CE5-233B-4213-BB77-975A7F6A1116}.Release|Any CPU.ActiveCfg = Release|Any CPU
		{78094CE5-233B-4213-BB77-975A7F6A1116}.Release|Any CPU.Build.0 = Release|Any CPU
		{E98E398C-32A4-4642-A757-18664A8423C6}.Debug|Any CPU.ActiveCfg = Debug|Any CPU
		{E98E398C-32A4-4642-A757-18664A8423C6}.Debug|Any CPU.Build.0 = Debug|Any CPU
		{E98E398C-32A4-4642-A757-18664A8423C6}.PGGM|Any CPU.ActiveCfg = PGGM|Any CPU
		{E98E398C-32A4-4642-A757-18664A8423C6}.PGGM|Any CPU.Build.0 = PGGM|Any CPU
		{E98E398C-32A4-4642-A757-18664A8423C6}.Release|Any CPU.ActiveCfg = Release|Any CPU
		{E98E398C-32A4-4642-A757-18664A8423C6}.Release|Any CPU.Build.0 = Release|Any CPU
		{8156F4AA-D111-4E72-BF6D-3AEABD7E92C6}.Debug|Any CPU.ActiveCfg = Debug|Any CPU
		{8156F4AA-D111-4E72-BF6D-3AEABD7E92C6}.Debug|Any CPU.Build.0 = Debug|Any CPU
		{8156F4AA-D111-4E72-BF6D-3AEABD7E92C6}.PGGM|Any CPU.ActiveCfg = PGGM|Any CPU
		{8156F4AA-D111-4E72-BF6D-3AEABD7E92C6}.PGGM|Any CPU.Build.0 = PGGM|Any CPU
		{8156F4AA-D111-4E72-BF6D-3AEABD7E92C6}.Release|Any CPU.ActiveCfg = Release|Any CPU
		{8156F4AA-D111-4E72-BF6D-3AEABD7E92C6}.Release|Any CPU.Build.0 = Release|Any CPU
	EndGlobalSection
	GlobalSection(SolutionProperties) = preSolution
		HideSolutionNode = FALSE
	EndGlobalSection
EndGlobal
